
Microsoft Visual Studio Solution File, Format Version 12.00
# Visual Studio Version 17
VisualStudioVersion = 17.2.32505.173
MinimumVisualStudioVersion = 10.0.40219.1
Project("{FAE04EC0-301F-11D3-BF4B-00C04F79EFBC}") = "IfElse", "IfElse\IfElse.csproj", "{8E6A91B6-F420-4F37-9B12-16761527E8AF}"
EndProject
Project("{FAE04EC0-301F-11D3-BF4B-00C04F79EFBC}") = "If", "If\If.csproj", "{925CB99F-6563-408B-82F8-D990840EEDE9}"
EndProject
Project("{FAE04EC0-301F-11D3-BF4B-00C04F79EFBC}") = "CalculaIMC", "CalculaIMC\CalculaIMC.csproj", "{9A824353-D675-4D3C-B1C2-C888E6C2A47D}"
EndProject
Project("{FAE04EC0-301F-11D3-BF4B-00C04F79EFBC}") = "MaiorNome", "MaiorNome\MaiorNome.csproj", "{7A71E2FC-F5BC-445E-9F67-CA77E0CD9A10}"
EndProject
Project("{FAE04EC0-301F-11D3-BF4B-00C04F79EFBC}") = "MaiorNumero", "MaiorNumero\MaiorNumero.csproj", "{D00A2F84-625B-4DE1-9525-2750FE707E94}"
EndProject
Project("{FAE04EC0-301F-11D3-BF4B-00C04F79EFBC}") = "VerificaNota", "VerificaNota\VerificaNota.csproj", "{69AD74B5-DF0A-4FE3-8A5E-C4FC7376A70F}"
EndProject
Project("{FAE04EC0-301F-11D3-BF4B-00C04F79EFBC}") = "ParImpar", "ParImpar\ParImpar.csproj", "{FAC71995-36BF-462B-9B72-4FA9BDFF093E}"
EndProject
Project("{FAE04EC0-301F-11D3-BF4B-00C04F79EFBC}") = "PesoIdeal", "PesoIdeal\PesoIdeal.csproj", "{38FF80CF-59BE-4093-9EDA-65C32FFA3FCB}"
EndProject
Project("{FAE04EC0-301F-11D3-BF4B-00C04F79EFBC}") = "ReajusteSalarial", "ReajusteSalarial\ReajusteSalarial.csproj", "{9B8CD784-167F-413F-9227-AFCF6B4E7758}"
EndProject
Project("{FAE04EC0-301F-11D3-BF4B-00C04F79EFBC}") = "Triangulo", "Triangulo\Triangulo.csproj", "{2D720331-D702-49E8-9748-C86D1AAF9B84}"
EndProject
Global
	GlobalSection(SolutionConfigurationPlatforms) = preSolution
		Debug|Any CPU = Debug|Any CPU
		Release|Any CPU = Release|Any CPU
	EndGlobalSection
	GlobalSection(ProjectConfigurationPlatforms) = postSolution
		{8E6A91B6-F420-4F37-9B12-16761527E8AF}.Debug|Any CPU.ActiveCfg = Debug|Any CPU
		{8E6A91B6-F420-4F37-9B12-16761527E8AF}.Debug|Any CPU.Build.0 = Debug|Any CPU
		{8E6A91B6-F420-4F37-9B12-16761527E8AF}.Release|Any CPU.ActiveCfg = Release|Any CPU
		{8E6A91B6-F420-4F37-9B12-16761527E8AF}.Release|Any CPU.Build.0 = Release|Any CPU
		{925CB99F-6563-408B-82F8-D990840EEDE9}.Debug|Any CPU.ActiveCfg = Debug|Any CPU
		{925CB99F-6563-408B-82F8-D990840EEDE9}.Debug|Any CPU.Build.0 = Debug|Any CPU
		{925CB99F-6563-408B-82F8-D990840EEDE9}.Release|Any CPU.ActiveCfg = Release|Any CPU
		{925CB99F-6563-408B-82F8-D990840EEDE9}.Release|Any CPU.Build.0 = Release|Any CPU
		{9A824353-D675-4D3C-B1C2-C888E6C2A47D}.Debug|Any CPU.ActiveCfg = Debug|Any CPU
		{9A824353-D675-4D3C-B1C2-C888E6C2A47D}.Debug|Any CPU.Build.0 = Debug|Any CPU
		{9A824353-D675-4D3C-B1C2-C888E6C2A47D}.Release|Any CPU.ActiveCfg = Release|Any CPU
		{9A824353-D675-4D3C-B1C2-C888E6C2A47D}.Release|Any CPU.Build.0 = Release|Any CPU
		{7A71E2FC-F5BC-445E-9F67-CA77E0CD9A10}.Debug|Any CPU.ActiveCfg = Debug|Any CPU
		{7A71E2FC-F5BC-445E-9F67-CA77E0CD9A10}.Debug|Any CPU.Build.0 = Debug|Any CPU
		{7A71E2FC-F5BC-445E-9F67-CA77E0CD9A10}.Release|Any CPU.ActiveCfg = Release|Any CPU
		{7A71E2FC-F5BC-445E-9F67-CA77E0CD9A10}.Release|Any CPU.Build.0 = Release|Any CPU
		{D00A2F84-625B-4DE1-9525-2750FE707E94}.Debug|Any CPU.ActiveCfg = Debug|Any CPU
		{D00A2F84-625B-4DE1-9525-2750FE707E94}.Debug|Any CPU.Build.0 = Debug|Any CPU
		{D00A2F84-625B-4DE1-9525-2750FE707E94}.Release|Any CPU.ActiveCfg = Release|Any CPU
		{D00A2F84-625B-4DE1-9525-2750FE707E94}.Release|Any CPU.Build.0 = Release|Any CPU
		{69AD74B5-DF0A-4FE3-8A5E-C4FC7376A70F}.Debug|Any CPU.ActiveCfg = Debug|Any CPU
		{69AD74B5-DF0A-4FE3-8A5E-C4FC7376A70F}.Debug|Any CPU.Build.0 = Debug|Any CPU
		{69AD74B5-DF0A-4FE3-8A5E-C4FC7376A70F}.Release|Any CPU.ActiveCfg = Release|Any CPU
		{69AD74B5-DF0A-4FE3-8A5E-C4FC7376A70F}.Release|Any CPU.Build.0 = Release|Any CPU
		{FAC71995-36BF-462B-9B72-4FA9BDFF093E}.Debug|Any CPU.ActiveCfg = Debug|Any CPU
		{FAC71995-36BF-462B-9B72-4FA9BDFF093E}.Debug|Any CPU.Build.0 = Debug|Any CPU
		{FAC71995-36BF-462B-9B72-4FA9BDFF093E}.Release|Any CPU.ActiveCfg = Release|Any CPU
		{FAC71995-36BF-462B-9B72-4FA9BDFF093E}.Release|Any CPU.Build.0 = Release|Any CPU
		{38FF80CF-59BE-4093-9EDA-65C32FFA3FCB}.Debug|Any CPU.ActiveCfg = Debug|Any CPU
		{38FF80CF-59BE-4093-9EDA-65C32FFA3FCB}.Debug|Any CPU.Build.0 = Debug|Any CPU
		{38FF80CF-59BE-4093-9EDA-65C32FFA3FCB}.Release|Any CPU.ActiveCfg = Release|Any CPU
		{38FF80CF-59BE-4093-9EDA-65C32FFA3FCB}.Release|Any CPU.Build.0 = Release|Any CPU
		{9B8CD784-167F-413F-9227-AFCF6B4E7758}.Debug|Any CPU.ActiveCfg = Debug|Any CPU
		{9B8CD784-167F-413F-9227-AFCF6B4E7758}.Debug|Any CPU.Build.0 = Debug|Any CPU
		{9B8CD784-167F-413F-9227-AFCF6B4E7758}.Release|Any CPU.ActiveCfg = Release|Any CPU
		{9B8CD784-167F-413F-9227-AFCF6B4E7758}.Release|Any CPU.Build.0 = Release|Any CPU
		{2D720331-D702-49E8-9748-C86D1AAF9B84}.Debug|Any CPU.ActiveCfg = Debug|Any CPU
		{2D720331-D702-49E8-9748-C86D1AAF9B84}.Debug|Any CPU.Build.0 = Debug|Any CPU
		{2D720331-D702-49E8-9748-C86D1AAF9B84}.Release|Any CPU.ActiveCfg = Release|Any CPU
		{2D720331-D702-49E8-9748-C86D1AAF9B84}.Release|Any CPU.Build.0 = Release|Any CPU
	EndGlobalSection
	GlobalSection(SolutionProperties) = preSolution
		HideSolutionNode = FALSE
	EndGlobalSection
	GlobalSection(ExtensibilityGlobals) = postSolution
		SolutionGuid = {AD665406-7EB7-4C91-8A81-322C2AAE4E9C}
	EndGlobalSection
EndGlobal
